
Microsoft Visual Studio Solution File, Format Version 12.00
# Visual Studio Version 17
VisualStudioVersion = 17.6.33815.320
MinimumVisualStudioVersion = 10.0.40219.1
Project("{FAE04EC0-301F-11D3-BF4B-00C04F79EFBC}") = "WpfApp5", "WpfApp5\WpfApp5.csproj", "{DD64B6AD-582C-4F6E-992B-E8D23C48ECA4}"
EndProject
Global
	GlobalSection(SolutionConfigurationPlatforms) = preSolution
		Debug|Any CPU = Debug|Any CPU
		Release|Any CPU = Release|Any CPU
	EndGlobalSection
	GlobalSection(ProjectConfigurationPlatforms) = postSolution
		{DD64B6AD-582C-4F6E-992B-E8D23C48ECA4}.Debug|Any CPU.ActiveCfg = Debug|Any CPU
		{DD64B6AD-582C-4F6E-992B-E8D23C48ECA4}.Debug|Any CPU.Build.0 = Debug|Any CPU
		{DD64B6AD-582C-4F6E-992B-E8D23C48ECA4}.Release|Any CPU.ActiveCfg = Release|Any CPU
		{DD64B6AD-582C-4F6E-992B-E8D23C48ECA4}.Release|Any CPU.Build.0 = Release|Any CPU
	EndGlobalSection
	GlobalSection(SolutionProperties) = preSolution
		HideSolutionNode = FALSE
	EndGlobalSection
	GlobalSection(ExtensibilityGlobals) = postSolution
		SolutionGuid = {DBB7B4A4-F167-4FF8-B864-061D65B85A74}
	EndGlobalSection
EndGlobal
